
Microsoft Visual Studio Solution File, Format Version 12.00
# Visual Studio 14
VisualStudioVersion = 14.0.23107.0
MinimumVisualStudioVersion = 10.0.40219.1
Project("{FAE04EC0-301F-11D3-BF4B-00C04F79EFBC}") = "DandD_Library", "DandD_Library\DandD_Library.csproj", "{F7988ABB-E3DA-4BAD-BA85-A4CC63FE2885}"
EndProject
Global
	GlobalSection(SolutionConfigurationPlatforms) = preSolution
		Debug|Any CPU = Debug|Any CPU
		Release|Any CPU = Release|Any CPU
	EndGlobalSection
	GlobalSection(ProjectConfigurationPlatforms) = postSolution
		{F7988ABB-E3DA-4BAD-BA85-A4CC63FE2885}.Debug|Any CPU.ActiveCfg = Debug|Any CPU
		{F7988ABB-E3DA-4BAD-BA85-A4CC63FE2885}.Debug|Any CPU.Build.0 = Debug|Any CPU
		{F7988ABB-E3DA-4BAD-BA85-A4CC63FE2885}.Release|Any CPU.ActiveCfg = Release|Any CPU
		{F7988ABB-E3DA-4BAD-BA85-A4CC63FE2885}.Release|Any CPU.Build.0 = Release|Any CPU
	EndGlobalSection
	GlobalSection(SolutionProperties) = preSolution
		HideSolutionNode = FALSE
	EndGlobalSection
EndGlobal
